version = 1
revision = 3
requires-python = ">=3.9"

[[package]]
name = "adb-qr"
version = "0.1.0"
source = { virtual = "." }
dependencies = [
    { name = "qrcode" },
    { name = "zeroconf" },
]

[package.metadata]
requires-dist = [
    { name = "qrcode", specifier = ">=8.2" },
    { name = "zeroconf", specifier = ">=0.148.0" },
]

[[package]]
name = "colorama"
version = "0.4.6"
source = { registry = "https://pypi.org/simple" }
sdist = { url = "https://files.pythonhosted.org/packages/d8/53/6f443c9a4a8358a93a6792e2acffb9d9d5cb0a5cfd8802644b7b1c9a02e4/colorama-0.4.6.tar.gz", hash = "sha256:08695f5cb7ed6e0531a20572697297273c47b8cae5a63ffc6d6ed5c201be6e44", size = 27697, upload-time = "2022-10-25T02:36:22.414Z" }
wheels = [
    { url = "https://files.pythonhosted.org/packages/d1/d6/3965ed04c63042e047cb6a3e6ed1a63a35087b6a609aa3a15ed8ac56c221/colorama-0.4.6-py2.py3-none-any.whl", hash = "sha256:4f1d9991f5acc0ca119f9d443620b77f9d6b33703e51011c16baf57afb285fc6", size = 25335, upload-time = "2022-10-25T02:36:20.889Z" },
]

[[package]]
name = "ifaddr"
version = "0.2.0"
source = { registry = "https://pypi.org/simple" }
sdist = { url = "https://files.pythonhosted.org/packages/e8/ac/fb4c578f4a3256561548cd825646680edcadb9440f3f68add95ade1eb791/ifaddr-0.2.0.tar.gz", hash = "sha256:cc0cbfcaabf765d44595825fb96a99bb12c79716b73b44330ea38ee2b0c4aed4", size = 10485, upload-time = "2022-06-15T21:40:27.561Z" }
wheels = [
    { url = "https://files.pythonhosted.org/packages/9c/1f/19ebc343cc71a7ffa78f17018535adc5cbdd87afb31d7c34874680148b32/ifaddr-0.2.0-py3-none-any.whl", hash = "sha256:085e0305cfe6f16ab12d72e2024030f5d52674afad6911bb1eee207177b8a748", size = 12314, upload-time = "2022-06-15T21:40:25.756Z" },
]

[[package]]
name = "qrcode"
version = "8.2"
source = { registry = "https://pypi.org/simple" }
dependencies = [
    { name = "colorama", marker = "sys_platform == 'win32'" },
]
sdist = { url = "https://files.pythonhosted.org/packages/8f/b2/7fc2931bfae0af02d5f53b174e9cf701adbb35f39d69c2af63d4a39f81a9/qrcode-8.2.tar.gz", hash = "sha256:35c3f2a4172b33136ab9f6b3ef1c00260dd2f66f858f24d88418a015f446506c", size = 43317, upload-time = "2025-05-01T15:44:24.726Z" }
wheels = [
    { url = "https://files.pythonhosted.org/packages/dd/b8/d2d6d731733f51684bbf76bf34dab3b70a9148e8f2cef2bb544fccec681a/qrcode-8.2-py3-none-any.whl", hash = "sha256:16e64e0716c14960108e85d853062c9e8bba5ca8252c0b4d0231b9df4060ff4f", size = 45986, upload-time = "2025-05-01T15:44:22.781Z" },
]

[[package]]
name = "zeroconf"
version = "0.148.0"
source = { registry = "https://pypi.org/simple" }
dependencies = [
    { name = "ifaddr" },
]
sdist = { url = "https://files.pythonhosted.org/packages/67/46/10db987799629d01930176ae523f70879b63577060d63e05ebf9214aba4b/zeroconf-0.148.0.tar.gz", hash = "sha256:03fcca123df3652e23d945112d683d2f605f313637611b7d4adf31056f681702", size = 164447, upload-time = "2025-10-05T00:21:19.199Z" }
wheels = [
    { url = "https://files.pythonhosted.org/packages/88/47/a2ff13f3a0a7b9bd4cc1a904e7ddfd4f327043387915607db1117e1c1417/zeroconf-0.148.0-cp310-cp310-macosx_10_9_x86_64.whl", hash = "sha256:9146731bb82bc7b42f009aa69619b17a4b6ddecc75eee9a59249c12c804d0637", size = 1708548, upload-time = "2025-10-05T01:07:30.722Z" },
    { url = "https://files.pythonhosted.org/packages/54/11/7c871eba676458e5f3943e45281db91c3b01743b8e7f5401640855ca863e/zeroconf-0.148.0-cp310-cp310-macosx_11_0_arm64.whl", hash = "sha256:db24dc2e5367dc61bacbf302b7c85cc10ee1a9de8f1710380027992afd1ddcb4", size = 1682018, upload-time = "2025-10-05T01:07:33.879Z" },
    { url = "https://files.pythonhosted.org/packages/1a/73/62149096a758e6036625a66b1053af8600126cb8e50ca8adcb705732e211/zeroconf-0.148.0-cp310-cp310-manylinux2014_aarch64.manylinux_2_17_aarch64.manylinux_2_28_aarch64.whl", hash = "sha256:2202ac7dc2777249561292c9151919d70fbe25a31983b7e127b43878ea67483c", size = 2195888, upload-time = "2025-10-05T01:07:35.833Z" },
    { url = "https://files.pythonhosted.org/packages/c5/35/9ace30a86ec42b11a1904d63fa260c166c972a743079d6ffaa69f8085924/zeroconf-0.148.0-cp310-cp310-manylinux2014_armv7l.manylinux_2_17_armv7l.manylinux_2_31_armv7l.whl", hash = "sha256:876e9e61a7065d201d39c466449e01fa9e19c3c7b2c5ee57bc628f15e21653fb", size = 1970965, upload-time = "2025-10-05T01:07:37.809Z" },
    { url = "https://files.pythonhosted.org/packages/6a/15/b463e84c221ccbbc04a6d4f69a2e2c2c005ce04a233ec2d398987f50177f/zeroconf-0.148.0-cp310-cp310-manylinux2014_x86_64.manylinux_2_17_x86_64.manylinux_2_28_x86_64.whl", hash = "sha256:171ff9d59283737946d79c6a290a597a3d10d0d24d6a3a87de67ce3064157afc", size = 2269837, upload-time = "2025-10-05T01:07:39.698Z" },
    { url = "https://files.pythonhosted.org/packages/85/9d/b56979c5abb14d18790eca845428b417990177ebd9674b1b1f61491efd3b/zeroconf-0.148.0-cp310-cp310-musllinux_1_2_aarch64.whl", hash = "sha256:76d53985fa40cefb3a82c1d5d761217392bbc811964715e1bf73e74084012062", size = 2224442, upload-time = "2025-10-05T01:07:41.816Z" },
    { url = "https://files.pythonhosted.org/packages/63/61/6b6cf5d1f75f464cb697bc4fcb59baaa792485d5f8a29ac460ed75d1afe8/zeroconf-0.148.0-cp310-cp310-musllinux_1_2_armv7l.whl", hash = "sha256:429e8ed8428737f2586992aaf11a21302184cd4e1c641fbd7abe8946d9ff7089", size = 2017165, upload-time = "2025-10-05T01:07:43.708Z" },
    { url = "https://files.pythonhosted.org/packages/7d/f3/cce930ce7d57da67ce7662b188907415441c3edfca4aac97be53049c0cc9/zeroconf-0.148.0-cp310-cp310-musllinux_1_2_x86_64.whl", hash = "sha256:aa0cdcb91f231789d8f6ba7ed702d05a36975e7b06fd663aff25205ddca2b659", size = 2293150, upload-time = "2025-10-05T01:07:45.695Z" },
    { url = "https://files.pythonhosted.org/packages/b5/2f/d011bc4ba85a8df2796622f91a44f181526e382ff57c69df0dd11a4ce57a/zeroconf-0.148.0-cp310-cp310-win32.whl", hash = "sha256:3c1ec76c031712c6289cc94acee43e7bf7a6cb52b45675278348926eacffc668", size = 1310884, upload-time = "2025-10-05T01:07:47.561Z" },
    { url = "https://files.pythonhosted.org/packages/cf/7a/abedff888ffc6e79c2a189a7bb9f4b358c57db895a21bbb0e59b40c6e5c8/zeroconf-0.148.0-cp310-cp310-win_amd64.whl", hash = "sha256:144fa2e0246292ea9c62792327d230f1b996c65cec16024b10689ee597b05ab2", size = 1527932, upload-time = "2025-10-05T01:07:49.726Z" },
    { url = "https://files.pythonhosted.org/packages/00/1f/dcaed909fabbdf760739b3081cbea3f7cd564e61a708dca00a55960da11c/zeroconf-0.148.0-cp311-cp311-macosx_10_9_x86_64.whl", hash = "sha256:b923e26369e302863aa5370eff4d4d72a0b90ba85d3b9f608c62cbab78f14dc2", size = 1723036, upload-time = "2025-10-05T01:07:51.26Z" },
    { url = "https://files.pythonhosted.org/packages/05/37/849d419ccd60e37e02ca7364ac9451e500e517cebf884bee88e6811c442b/zeroconf-0.148.0-cp311-cp311-macosx_11_0_arm64.whl", hash = "sha256:0cbffd751877b74cd64c529061e5a524ebfa59af16930330548033e307701fee", size = 1696983, upload-time = "2025-10-05T01:07:52.818Z" },
    { url = "https://files.pythonhosted.org/packages/b4/1e/1511a2f10e22e51e391638dc58786af74c996513b6588c9219f085cc898e/zeroconf-0.148.0-cp311-cp311-manylinux2014_aarch64.manylinux_2_17_aarch64.manylinux_2_28_aarch64.whl", hash = "sha256:34275f60a5ab01d2d0a190662d16603b75f9225cee4ab58d388ff86d8011352a", size = 2208149, upload-time = "2025-10-05T01:07:54.7Z" },
    { url = "https://files.pythonhosted.org/packages/e7/8e/744b4cc8d9ee314be5fe3fbd597baef4cc3998d24d70ac1265dfa7750544/zeroconf-0.148.0-cp311-cp311-manylinux2014_armv7l.manylinux_2_17_armv7l.manylinux_2_31_armv7l.whl", hash = "sha256:556ff0b9dfc0189f33c6e6110aa23d9f7564a7475f4cdc624a0584c1133ae44b", size = 1978151, upload-time = "2025-10-05T01:07:56.638Z" },
    { url = "https://files.pythonhosted.org/packages/42/1f/d8b365a3f3979ea3f0ecb02c22c61d2cdc4fc5bc0bc182ff52547935923c/zeroconf-0.148.0-cp311-cp311-manylinux2014_x86_64.manylinux_2_17_x86_64.manylinux_2_28_x86_64.whl", hash = "sha256:b8aa15461e35169b4ec25cc45ec82750023e6c2e96ebc099a014caaf544316f7", size = 2285527, upload-time = "2025-10-05T01:07:58.157Z" },
    { url = "https://files.pythonhosted.org/packages/ac/5b/0a27fd233240a911a58eae6037357f0d088cdcbff295cf01ad05a0b91bd6/zeroconf-0.148.0-cp311-cp311-musllinux_1_2_aarch64.whl", hash = "sha256:25b8b72177bbe0792f5873c16330d759811540edb24ed9ead305874183eaefd5", size = 2237619, upload-time = "2025-10-05T01:07:59.782Z" },
    { url = "https://files.pythonhosted.org/packages/d2/1a/56d6155eb3b8a77a11dcf0c77ef747c46a1c778d8957b818dfdc0578886e/zeroconf-0.148.0-cp311-cp311-musllinux_1_2_armv7l.whl", hash = "sha256:10ce75cdb524f955773114697633d73644aad6c35daef5315fa478bff9bee24d", size = 2031313, upload-time = "2025-10-05T01:08:01.378Z" },
    { url = "https://files.pythonhosted.org/packages/21/4c/4521a8c469802c16f61e6b12b674a239684d0fe8e51fe66ebe0223ca4d2d/zeroconf-0.148.0-cp311-cp311-musllinux_1_2_x86_64.whl", hash = "sha256:49512e6d59be66be769f36e1f7f025a2841783da1be708d4b4a92a7b63135b68", size = 2309244, upload-time = "2025-10-05T01:08:03.311Z" },
    { url = "https://files.pythonhosted.org/packages/5b/8b/b34de5602013e6a4d08918adaaadf706985a45990018c9d4339dd6df6b8d/zeroconf-0.148.0-cp311-cp311-win32.whl", hash = "sha256:8ff905f8ff9083a853eb4e65eb31b09fa9d7a6633de92ac1e2018819eee52d30", size = 1305325, upload-time = "2025-10-05T01:08:04.841Z" },
    { url = "https://files.pythonhosted.org/packages/c8/f4/a9f279aee669b03a7e1b435ee7bd4fb1fd4ced040d2188af903d3b276e29/zeroconf-0.148.0-cp311-cp311-win_amd64.whl", hash = "sha256:7339a485403c75aa4f3c38ddcb68eb14f01fd5e1dc1ef75b068b185e703ea7ea", size = 1529930, upload-time = "2025-10-05T01:08:07.044Z" },
    { url = "https://files.pythonhosted.org/packages/00/b3/6c08ccbda1e78c8f538d8add49fac2fe49ef85ee34b62877df4154715583/zeroconf-0.148.0-cp312-cp312-macosx_10_13_x86_64.whl", hash = "sha256:aef8699ea47cd47c9219e3f110a35ad50c13c34c7c6db992f3c9f75feec6ef8f", size = 1735431, upload-time = "2025-10-05T01:08:09.375Z" },
    { url = "https://files.pythonhosted.org/packages/cb/37/6b91c4a4258863e485602e6b1eb098fe406142a653112e8719c49b69afc4/zeroconf-0.148.0-cp312-cp312-macosx_11_0_arm64.whl", hash = "sha256:9097e7010b9f9a64e5f2084493e9973d446bd85c7a7cbef5032b2b0a2ecc5a12", size = 1701594, upload-time = "2025-10-05T01:08:11.448Z" },
    { url = "https://files.pythonhosted.org/packages/c6/78/5eaaf66d39b3bccc17b52187eebb2dde93f761f4ee8b6c83b8fe764273f5/zeroconf-0.148.0-cp312-cp312-manylinux2014_aarch64.manylinux_2_17_aarch64.manylinux_2_28_aarch64.whl", hash = "sha256:cdc566c387260fb7bf89f91d00460d0c9b9373dfddcf1fcc980ab3f7270154f9", size = 2134103, upload-time = "2025-10-05T01:08:13.061Z" },
    { url = "https://files.pythonhosted.org/packages/19/a5/e4ebe7b5fbea512fe13efb466d855124126d2f531a18216c7cb509b8a4dd/zeroconf-0.148.0-cp312-cp312-manylinux2014_armv7l.manylinux_2_17_armv7l.manylinux_2_31_armv7l.whl", hash = "sha256:10cbd4134cacc22c3b3b169d7f782472a1dd36895e1421afa4f681caf181c07b", size = 1930109, upload-time = "2025-10-05T01:08:14.68Z" },
    { url = "https://files.pythonhosted.org/packages/e1/16/7f7c5cee5279afe2a6a8b9657de9a587ccb34168d7c99acc6d2b40b9d87e/zeroconf-0.148.0-cp312-cp312-manylinux2014_x86_64.manylinux_2_17_x86_64.manylinux_2_28_x86_64.whl", hash = "sha256:dde01541e6a45c4d1b6e6d97b532ea241abc32c183745a74021b134d867388d8", size = 2230425, upload-time = "2025-10-05T01:08:16.296Z" },
    { url = "https://files.pythonhosted.org/packages/cd/41/0e1999db76e390fca9eef8257455955445a0386b94ce0ef6ce74896d7e2a/zeroconf-0.148.0-cp312-cp312-musllinux_1_2_aarch64.whl", hash = "sha256:8ceab8f10ab6fc0847a2de74377663793a974fdba77e7e6ba1ff47679f4bb845", size = 2161052, upload-time = "2025-10-05T01:08:17.976Z" },
    { url = "https://files.pythonhosted.org/packages/5e/19/6585fe6308b8f1ac0ac4d37ac69064ec2a36b81cf9080813cb666229694c/zeroconf-0.148.0-cp312-cp312-musllinux_1_2_armv7l.whl", hash = "sha256:0a8c36c37d8835420fc337be4aaa03c3a34272028919de575124c10d31a7e304", size = 2015005, upload-time = "2025-10-05T01:08:20.318Z" },
    { url = "https://files.pythonhosted.org/packages/74/ec/a9d0a577be157170f513e6ad6ebb3cd8dd9602c670d74911e9c5534e1c1d/zeroconf-0.148.0-cp312-cp312-musllinux_1_2_x86_64.whl", hash = "sha256:848d57df1bb3b48279ba9b66e6c1f727570e2c8e7e0c4518c2daffaf23419d03", size = 2253785, upload-time = "2025-10-05T01:08:21.971Z" },
    { url = "https://files.pythonhosted.org/packages/ae/43/6679c16d4e6897c9aa502ee35c122bb605eee855612fad2ef6e0e13722c4/zeroconf-0.148.0-cp312-cp312-win32.whl", hash = "sha256:ba6eaa6b769924391c213dc391f36bd1c7e3ebe45fa3fa0cd97451b4f9ccef5c", size = 1295810, upload-time = "2025-10-05T01:08:23.575Z" },
    { url = "https://files.pythonhosted.org/packages/8e/42/a2d61df82086ddd32b9a5870ac683e8e5038cae38e2433c4fa03fe044235/zeroconf-0.148.0-cp312-cp312-win_amd64.whl", hash = "sha256:cec84ae7028db4a3addcc18628d12456cf39a9e973abee4a41e3b94d0db7df4c", size = 1533317, upload-time = "2025-10-05T01:08:26.973Z" },
    { url = "https://files.pythonhosted.org/packages/46/09/394a24a633645063557c5144c9abb694699df76155dcab5e1e3078dd1323/zeroconf-0.148.0-cp313-cp313-macosx_10_13_x86_64.whl", hash = "sha256:6ad889929bdc3953530546a4a2486d8c07f5a18d4ef494a98446bf17414897a7", size = 1714465, upload-time = "2025-10-05T01:08:28.692Z" },
    { url = "https://files.pythonhosted.org/packages/3d/db/f57c4bfcceb67fe474705cbadba3f8f7a88bdc95892e74ba6d85e24d28c3/zeroconf-0.148.0-cp313-cp313-macosx_11_0_arm64.whl", hash = "sha256:29fb10be743650eb40863f1a1ee868df1869357a0c2ab75140ee3d7079540c1e", size = 1683877, upload-time = "2025-10-05T01:08:30.42Z" },
    { url = "https://files.pythonhosted.org/packages/54/6c/b3e2d39c40802a8cc9415357acdb76ff01bc29e25ffaa811771b6fffc428/zeroconf-0.148.0-cp313-cp313-manylinux2014_aarch64.manylinux_2_17_aarch64.manylinux_2_28_aarch64.whl", hash = "sha256:f2995e74969c577461060539164c47e1ba674470585cb0f954ebeb77f032f3c2", size = 2122874, upload-time = "2025-10-05T01:08:32.11Z" },
    { url = "https://files.pythonhosted.org/packages/66/eb/0ac2bf51d58d47cfa854628036a7ad95544a1802bc890f3d69649dc35e46/zeroconf-0.148.0-cp313-cp313-manylinux2014_armv7l.manylinux_2_17_armv7l.manylinux_2_31_armv7l.whl", hash = "sha256:5be50346efdc20823f9d68d8757612767d11ceb8da7637d46080977b87912551", size = 1922164, upload-time = "2025-10-05T01:08:33.78Z" },
    { url = "https://files.pythonhosted.org/packages/59/ff/c7372507c7e25ad3499fe08d4678deb1ed41c57f78ff5df43bd2d4d98cfc/zeroconf-0.148.0-cp313-cp313-manylinux2014_x86_64.manylinux_2_17_x86_64.manylinux_2_28_x86_64.whl", hash = "sha256:cc88fd01b5552ffb4d5bc551d027ac28a1852c03ceab754d02bd0d5f04c54e85", size = 2214119, upload-time = "2025-10-05T01:08:35.478Z" },
    { url = "https://files.pythonhosted.org/packages/d7/c7/57f0889f47923b4fa4364b62b7b3ffc347f6bad09a25ce4e578b8991a86d/zeroconf-0.148.0-cp313-cp313-manylinux_2_36_x86_64.whl", hash = "sha256:5af260c74187751c0df6a40f38d6fd17cb8658a734b0e1148a86084b71c1977c", size = 2137609, upload-time = "2025-10-05T00:21:15.953Z" },
    { url = "https://files.pythonhosted.org/packages/3b/33/9cb5558695c1377941dbb10a5591f88a787f9e1fba130642693d5c80663b/zeroconf-0.148.0-cp313-cp313-musllinux_1_2_aarch64.whl", hash = "sha256:b6078c73a76d49ba969ca2bb7067e4d58ebd2b79a5f956e45c4c989b11d36e03", size = 2154314, upload-time = "2025-10-05T01:08:37.523Z" },
    { url = "https://files.pythonhosted.org/packages/38/06/cf4e17a86922b4561d85d36f50f1adada1328723e882d95aa42baefa5479/zeroconf-0.148.0-cp313-cp313-musllinux_1_2_armv7l.whl", hash = "sha256:3e686bf741158f4253d5e0aa6a8f9d34b3140bf5826c0aca9b906273b9c77a5f", size = 2004973, upload-time = "2025-10-05T01:08:39.825Z" },
    { url = "https://files.pythonhosted.org/packages/a4/61/937a405783317639cd11e7bfab3879669896297b6ca2edfb0d2d9c8dbb30/zeroconf-0.148.0-cp313-cp313-musllinux_1_2_x86_64.whl", hash = "sha256:52d6ac06efe05a1e46089cfde066985782824f64b64c6982e8678e70b4b49453", size = 2237775, upload-time = "2025-10-05T01:08:41.535Z" },
    { url = "https://files.pythonhosted.org/packages/03/43/a1751c4b63e108a2318c2266e5afdd9d62292250aa8b1a8ed1674090885c/zeroconf-0.148.0-cp313-cp313-win32.whl", hash = "sha256:b9ba58e2bbb0cff020b54330916eaeb8ee8f4b0dde852e84f670f4ca3a0dd059", size = 1291073, upload-time = "2025-10-05T01:08:43.757Z" },
    { url = "https://files.pythonhosted.org/packages/5e/69/5f4f9eb14506e2afd2d423472e566d5455334d0c8740b933914d642bdbb5/zeroconf-0.148.0-cp313-cp313-win_amd64.whl", hash = "sha256:ee3fcc2edcc04635cf673c400abac2f0c22c9786490fbfb971e0a860a872bf26", size = 1528568, upload-time = "2025-10-05T01:08:45.505Z" },
    { url = "https://files.pythonhosted.org/packages/a5/46/ac86e3a3ff355058cd0818b01a3a97ca3f2abc0a034f1edb8eea27cea65c/zeroconf-0.148.0-cp314-cp314-macosx_10_13_x86_64.whl", hash = "sha256:2158d8bfefcdb90237937df65b2235870ccef04644497e4e29d3ab5a4b3199b6", size = 1714870, upload-time = "2025-10-05T01:08:47.624Z" },
    { url = "https://files.pythonhosted.org/packages/de/02/c5e8cd8dfda0ca16c7309c8d12c09a3114e5b50054bce3c93da65db8b8e4/zeroconf-0.148.0-cp314-cp314-macosx_11_0_arm64.whl", hash = "sha256:695f6663bf8df30fe1826a2c4d5acd8213d9cbd9111f59d375bf1ad635790e98", size = 1697756, upload-time = "2025-10-05T01:08:49.472Z" },
    { url = "https://files.pythonhosted.org/packages/63/04/a66c1011d05d7bb8ae6a847d41ac818271a942390f3d8c83c776389ca094/zeroconf-0.148.0-cp314-cp314-manylinux2014_aarch64.manylinux_2_17_aarch64.manylinux_2_28_aarch64.whl", hash = "sha256:aa65a24ec055be0a1cba2b986ac3e1c5d97a40abe164991aabc6a6416cc9df02", size = 2146784, upload-time = "2025-10-05T01:08:51.766Z" },
    { url = "https://files.pythonhosted.org/packages/7c/d4/2239d87c3f60f886bd2dd299e9c63b811efd58b8b6fc659d8fd0900db3bc/zeroconf-0.148.0-cp314-cp314-manylinux2014_armv7l.manylinux_2_17_armv7l.manylinux_2_31_armv7l.whl", hash = "sha256:79890df4ff696a5cdc4a59152957be568bea1423ed13632fc09e2a196c6721d5", size = 1899394, upload-time = "2025-10-05T01:08:53.457Z" },
    { url = "https://files.pythonhosted.org/packages/fb/60/534a4b576a8f9f5edff648ac9a5417323bef3086a77397f2f2058125a3c8/zeroconf-0.148.0-cp314-cp314-manylinux2014_x86_64.manylinux_2_17_x86_64.manylinux_2_28_x86_64.whl", hash = "sha256:6c0ca6e8e063eb5a385469bb8d8dec12381368031cb3a82c446225511863ede3", size = 2221319, upload-time = "2025-10-05T01:08:55.271Z" },
    { url = "https://files.pythonhosted.org/packages/b5/8c/1c8e9b7d604910830243ceb533d796dae98ed0c72902624a642487edfd61/zeroconf-0.148.0-cp314-cp314-musllinux_1_2_aarch64.whl", hash = "sha256:ece6f030cc7a771199760963c11ce4e77ed95011eedffb1ca5186247abfec24a", size = 2178586, upload-time = "2025-10-05T01:08:56.966Z" },
    { url = "https://files.pythonhosted.org/packages/16/55/178c4b95840dc687d45e413a74d2236a25395ab036f4813628271306ab9d/zeroconf-0.148.0-cp314-cp314-musllinux_1_2_armv7l.whl", hash = "sha256:c3f860ad0003a8999736fa2ae4c2051dd3c2e5df1bc1eaea2f872f5fcbd1f1c1", size = 1972371, upload-time = "2025-10-05T01:08:59.103Z" },
    { url = "https://files.pythonhosted.org/packages/fb/86/b599421fe634d9f3a2799f69e6e7db9f13f77d326331fa2bb5982e936665/zeroconf-0.148.0-cp314-cp314-musllinux_1_2_x86_64.whl", hash = "sha256:ab8e687255cf54ebeae7ede6a8be0566aec752c570e16dbea84b3f9b149ba829", size = 2244286, upload-time = "2025-10-05T01:09:01.029Z" },
    { url = "https://files.pythonhosted.org/packages/3e/cb/a30c42057be5da6bb4cbe1ab53bc3a7d9a29cd59caae097d3072a9375c14/zeroconf-0.148.0-cp314-cp314-win32.whl", hash = "sha256:6b1a6ddba3328d741798c895cecff21481863eb945c3e5d30a679461f4435684", size = 1321693, upload-time = "2025-10-05T01:09:02.715Z" },
    { url = "https://files.pythonhosted.org/packages/2c/38/06873cdf769130af463ef5acadbaf4a50826a7274374bc3b9a4ec5d32678/zeroconf-0.148.0-cp314-cp314-win_amd64.whl", hash = "sha256:2588f1ca889f57cdc09b3da0e51175f1b6153ce0f060bf5eb2a8804c5953b135", size = 1563980, upload-time = "2025-10-05T01:09:04.857Z" },
    { url = "https://files.pythonhosted.org/packages/36/fb/53d749793689279bc9657d818615176577233ad556d62f76f719e86ead1d/zeroconf-0.148.0-cp314-cp314t-macosx_10_13_x86_64.whl", hash = "sha256:40fe100381365c983a89e4b219a7ececcc2a789ac179cd26d4a6bbe00ae3e8fe", size = 3418152, upload-time = "2025-10-05T01:09:06.71Z" },
    { url = "https://files.pythonhosted.org/packages/b9/19/5eb647f7277378cbfdb6943dc8e60c3b17cdd1556f5082ccfdd6813e1ce8/zeroconf-0.148.0-cp314-cp314t-macosx_11_0_arm64.whl", hash = "sha256:0b9c7bcae8af8e27593bad76ee0f0c21d43c6a2324cd1e34d06e6e08cb3fd922", size = 3389671, upload-time = "2025-10-05T01:09:08.903Z" },
    { url = "https://files.pythonhosted.org/packages/86/12/3134aa54d30a9ae2e2473212eab586fe1779f845bf241e68729eca63d2ab/zeroconf-0.148.0-cp314-cp314t-manylinux2014_aarch64.manylinux_2_17_aarch64.manylinux_2_28_aarch64.whl", hash = "sha256:cf8ba75dacd58558769afb5da24d83da4fdc2a5c43a52f619aaa107fa55d3fdc", size = 4123125, upload-time = "2025-10-05T01:09:11.064Z" },
    { url = "https://files.pythonhosted.org/packages/12/23/4a0284254ebce373ff1aee7240932a0599ecf47e3c711f93242a861aa382/zeroconf-0.148.0-cp314-cp314t-manylinux2014_armv7l.manylinux_2_17_armv7l.manylinux_2_31_armv7l.whl", hash = "sha256:75f9a8212c541a4447c064433862fd4b23d75d47413912a28204d2f9c4929a59", size = 3651426, upload-time = "2025-10-05T01:09:13.725Z" },
    { url = "https://files.pythonhosted.org/packages/76/9a/7b79ef986b5467bb8f17b9a9e6eea887b0b56ecafc00515c81d118e681b4/zeroconf-0.148.0-cp314-cp314t-manylinux2014_x86_64.manylinux_2_17_x86_64.manylinux_2_28_x86_64.whl", hash = "sha256:be64c0eb48efa1972c13f7f17a7ac0ed7932ebb9672e57f55b17536412146206", size = 4263151, upload-time = "2025-10-05T01:09:15.732Z" },
    { url = "https://files.pythonhosted.org/packages/dd/0a/caa6d05548ca7cf28a0b8aa20a9dbb0f8176172f28799e53ea11f78692a3/zeroconf-0.148.0-cp314-cp314t-musllinux_1_2_aarch64.whl", hash = "sha256:ac1d4ee1d5bac71c27aea6d1dc1e1485423a1631a81be1ea65fb45ac280ade96", size = 4191717, upload-time = "2025-10-05T01:09:18.071Z" },
    { url = "https://files.pythonhosted.org/packages/46/f6/dbafa3b0f2d7a09315ed3ad588d36de79776ce49e00ec945c6195cad3f18/zeroconf-0.148.0-cp314-cp314t-musllinux_1_2_armv7l.whl", hash = "sha256:8da9bdb39ead9d5971136046146cd5e11413cb979c011e19f717b098788b5c37", size = 3793490, upload-time = "2025-10-05T01:09:20.045Z" },
    { url = "https://files.pythonhosted.org/packages/c4/05/f8b88937659075116c122355bdd9ce52376cc46e2269d91d7d4f10c9a658/zeroconf-0.148.0-cp314-cp314t-musllinux_1_2_x86_64.whl", hash = "sha256:f6e3dd22732df47a126aefb5ca4b267e828b47098a945d4468d38c72843dd6df", size = 4311455, upload-time = "2025-10-05T01:09:22.042Z" },
    { url = "https://files.pythonhosted.org/packages/58/c0/359bdb3b435d9c573aec1f877f8a63d5e81145deb6c160de89647b237363/zeroconf-0.148.0-cp314-cp314t-win32.whl", hash = "sha256:cdc8083f0b5efa908ab6c8e41687bcb75fd3d23f49ee0f34cbc58422437a456f", size = 2755961, upload-time = "2025-10-05T01:09:24.041Z" },
    { url = "https://files.pythonhosted.org/packages/d8/ab/7b487afd5d1fd053c5a018565be734ac6d5e554bce938c7cc126154adcfc/zeroconf-0.148.0-cp314-cp314t-win_amd64.whl", hash = "sha256:f72c1f77a89638e87f243a63979f0fd921ce391f83e18e17ec88f9f453717701", size = 3309977, upload-time = "2025-10-05T01:09:26.039Z" },
    { url = "https://files.pythonhosted.org/packages/ff/81/1f838cd174ca2f4ab7dbf8b1792325505480fd8f9a5a47c6fb0b63d7b26b/zeroconf-0.148.0-cp39-cp39-macosx_10_9_x86_64.whl", hash = "sha256:3a6e61c5b3905efed2137a07d84953ba4419795646fd18eccbd17018da2e965d", size = 1713675, upload-time = "2025-10-05T01:09:28.001Z" },
    { url = "https://files.pythonhosted.org/packages/86/db/0eb06b898d1ca8875039f661279d1806e078fe6ed52885f9fd6e15b8dd45/zeroconf-0.148.0-cp39-cp39-macosx_11_0_arm64.whl", hash = "sha256:ae41805df91ff657dd70179089df1d03e7ab756feb13dbcbc8a412cd8c50623e", size = 1688019, upload-time = "2025-10-05T01:09:30.466Z" },
    { url = "https://files.pythonhosted.org/packages/2a/00/5a69dd5753c93ab71a8f5b2f6294badaeb9629a15483073a37f8bd6fb3f2/zeroconf-0.148.0-cp39-cp39-manylinux2014_aarch64.manylinux_2_17_aarch64.manylinux_2_28_aarch64.whl", hash = "sha256:ff53a8d01c3b9a1e50606446ed07d534db5def55046ffdbbacac7888d9c699ae", size = 2199054, upload-time = "2025-10-05T01:09:32.38Z" },
    { url = "https://files.pythonhosted.org/packages/93/96/e438063fdcdd3b0f1be68b7d8b203b8fda9fd982e2990b2a411bd7c9ad94/zeroconf-0.148.0-cp39-cp39-manylinux2014_armv7l.manylinux_2_17_armv7l.manylinux_2_31_armv7l.whl", hash = "sha256:45a51e1f507dfc3f621ecc23168aaa56783b33d4f5d676088f69f913f0b56073", size = 1972957, upload-time = "2025-10-05T01:09:34.681Z" },
    { url = "https://files.pythonhosted.org/packages/68/87/218afba8263af3629d2c85d25473c117b343dc403b3c57b1dd4834b51ea5/zeroconf-0.148.0-cp39-cp39-manylinux2014_x86_64.manylinux_2_17_x86_64.manylinux_2_28_x86_64.whl", hash = "sha256:b41d1004e0356720ac81cddd7e4bd622c73be951b92c6b89ccaf6429996563ac", size = 2274996, upload-time = "2025-10-05T01:09:37.081Z" },
    { url = "https://files.pythonhosted.org/packages/d2/74/617700386783ba2e77dc94da0d3d05c5ce21f5a9944bad7355b39a74f024/zeroconf-0.148.0-cp39-cp39-musllinux_1_2_aarch64.whl", hash = "sha256:a53293291d683fc690c1cee0352f2c6dfc0f717f643e676a3c6f0df37a7f1b17", size = 2228791, upload-time = "2025-10-05T01:09:38.996Z" },
    { url = "https://files.pythonhosted.org/packages/76/75/6c27281bbcb00d5c2d119ab2ed7cc8ab2ef813127a9afcc55d5050b68f2e/zeroconf-0.148.0-cp39-cp39-musllinux_1_2_armv7l.whl", hash = "sha256:04607192ef33f4c9280bbd1b716564f821a7935661b8a35be34ee1e0acc0657d", size = 2023056, upload-time = "2025-10-05T01:09:41.16Z" },
    { url = "https://files.pythonhosted.org/packages/5c/c3/b191110946bd59a999bc1aee2613b1669c1d1dbf161b0d182a56abfdbf6e/zeroconf-0.148.0-cp39-cp39-musllinux_1_2_x86_64.whl", hash = "sha256:2545561551a9ba684897785e6678f3c67fee8e13b09f9f88d0f69e570b540d5b", size = 2299045, upload-time = "2025-10-05T01:09:43.167Z" },
    { url = "https://files.pythonhosted.org/packages/51/51/ada823f1515da3abbd24d136879980da890fad4508f17ee2b0238bff948e/zeroconf-0.148.0-cp39-cp39-win32.whl", hash = "sha256:d78e200a3830074c79c0a014595ace49a24afa6a8a2d903326f44751107afbfd", size = 1315239, upload-time = "2025-10-05T01:09:45.213Z" },
    { url = "https://files.pythonhosted.org/packages/6f/25/8d8a05b445adb3e7302c8f74f2f8f0a1e6b30a134a25ca0eb38af6c8db24/zeroconf-0.148.0-cp39-cp39-win_amd64.whl", hash = "sha256:0800443953f9b490ded275a84008631f441879e9164635a62a4f1c6e71f28bd0", size = 1532475, upload-time = "2025-10-05T01:09:47.516Z" },
]
